
Microsoft Visual Studio Solution File, Format Version 12.00
# Visual Studio 15
VisualStudioVersion = 15.0.27703.2035
MinimumVisualStudioVersion = 10.0.40219.1
Project("{FAE04EC0-301F-11D3-BF4B-00C04F79EFBC}") = "EggsInteractiveGUI", "EggsInteractiveGUI\EggsInteractiveGUI.csproj", "{8B8CCC59-4FF5-43F1-B712-864E75D4FFCC}"
EndProject
Global
	GlobalSection(SolutionConfigurationPlatforms) = preSolution
		Debug|Any CPU = Debug|Any CPU
		Release|Any CPU = Release|Any CPU
	EndGlobalSection
	GlobalSection(ProjectConfigurationPlatforms) = postSolution
		{8B8CCC59-4FF5-43F1-B712-864E75D4FFCC}.Debug|Any CPU.ActiveCfg = Debug|Any CPU
		{8B8CCC59-4FF5-43F1-B712-864E75D4FFCC}.Debug|Any CPU.Build.0 = Debug|Any CPU
		{8B8CCC59-4FF5-43F1-B712-864E75D4FFCC}.Release|Any CPU.ActiveCfg = Release|Any CPU
		{8B8CCC59-4FF5-43F1-B712-864E75D4FFCC}.Release|Any CPU.Build.0 = Release|Any CPU
	EndGlobalSection
	GlobalSection(SolutionProperties) = preSolution
		HideSolutionNode = FALSE
	EndGlobalSection
	GlobalSection(ExtensibilityGlobals) = postSolution
		SolutionGuid = {944E6D70-C272-4FFC-AE39-C88BC4A5B5BC}
	EndGlobalSection
EndGlobal
