
Microsoft Visual Studio Solution File, Format Version 12.00
# Visual Studio 15
VisualStudioVersion = 15.0.27703.2035
MinimumVisualStudioVersion = 10.0.40219.1
Project("{FAE04EC0-301F-11D3-BF4B-00C04F79EFBC}") = "MadLibsGUI", "MadLibsGUI\MadLibsGUI.csproj", "{9BD78618-1F1E-41E8-A7B4-D0DF4BC6F696}"
EndProject
Global
	GlobalSection(SolutionConfigurationPlatforms) = preSolution
		Debug|Any CPU = Debug|Any CPU
		Release|Any CPU = Release|Any CPU
	EndGlobalSection
	GlobalSection(ProjectConfigurationPlatforms) = postSolution
		{9BD78618-1F1E-41E8-A7B4-D0DF4BC6F696}.Debug|Any CPU.ActiveCfg = Debug|Any CPU
		{9BD78618-1F1E-41E8-A7B4-D0DF4BC6F696}.Debug|Any CPU.Build.0 = Debug|Any CPU
		{9BD78618-1F1E-41E8-A7B4-D0DF4BC6F696}.Release|Any CPU.ActiveCfg = Release|Any CPU
		{9BD78618-1F1E-41E8-A7B4-D0DF4BC6F696}.Release|Any CPU.Build.0 = Release|Any CPU
	EndGlobalSection
	GlobalSection(SolutionProperties) = preSolution
		HideSolutionNode = FALSE
	EndGlobalSection
	GlobalSection(ExtensibilityGlobals) = postSolution
		SolutionGuid = {F5FB21F1-5135-4D41-9967-5BD73D0B820C}
	EndGlobalSection
EndGlobal
