
Microsoft Visual Studio Solution File, Format Version 12.00
# Visual Studio 15
VisualStudioVersion = 15.0.27703.2035
MinimumVisualStudioVersion = 10.0.40219.1
Project("{FAE04EC0-301F-11D3-BF4B-00C04F79EFBC}") = "TestInteractiveGUI", "TestInteractiveGUI\TestInteractiveGUI.csproj", "{4141C7DA-D8D9-4407-9CB9-EA7931D0D62D}"
EndProject
Global
	GlobalSection(SolutionConfigurationPlatforms) = preSolution
		Debug|Any CPU = Debug|Any CPU
		Release|Any CPU = Release|Any CPU
	EndGlobalSection
	GlobalSection(ProjectConfigurationPlatforms) = postSolution
		{4141C7DA-D8D9-4407-9CB9-EA7931D0D62D}.Debug|Any CPU.ActiveCfg = Debug|Any CPU
		{4141C7DA-D8D9-4407-9CB9-EA7931D0D62D}.Debug|Any CPU.Build.0 = Debug|Any CPU
		{4141C7DA-D8D9-4407-9CB9-EA7931D0D62D}.Release|Any CPU.ActiveCfg = Release|Any CPU
		{4141C7DA-D8D9-4407-9CB9-EA7931D0D62D}.Release|Any CPU.Build.0 = Release|Any CPU
	EndGlobalSection
	GlobalSection(SolutionProperties) = preSolution
		HideSolutionNode = FALSE
	EndGlobalSection
	GlobalSection(ExtensibilityGlobals) = postSolution
		SolutionGuid = {32C0D23E-AFD7-464F-A0DF-00BF50AF50F1}
	EndGlobalSection
EndGlobal
